
Microsoft Visual Studio Solution File, Format Version 12.00
# Visual Studio Version 17
VisualStudioVersion = 17.0.31903.59
MinimumVisualStudioVersion = 10.0.40219.1
Project("{9A19103F-16F7-4668-BE54-9A1E7A4F7556}") = "LINQTut03.Shared", "LINQTut03.Shared\LINQTut03.Shared.csproj", "{496E856B-9272-4CE1-83A0-092E955BC90A}"
EndProject
Project("{FAE04EC0-301F-11D3-BF4B-00C04F79EFBC}") = "LINQTut03.Ex01", "LINQTut03.Ex01\LINQTut03.Ex01.csproj", "{1DFCBCE3-B139-4C90-ABE5-5EC35C7BFDA6}"
EndProject
Project("{FAE04EC0-301F-11D3-BF4B-00C04F79EFBC}") = "LINQTut03.Ex02", "LINQTut03.Ex02\LINQTut03.Ex02.csproj", "{81C783C2-AB8A-4A0D-AD02-F17319F267A3}"
EndProject
Project("{FAE04EC0-301F-11D3-BF4B-00C04F79EFBC}") = "LINQTut03.Ex03", "LINQTut03.Ex03\LINQTut03.Ex03.csproj", "{1A2D9798-0BA9-438D-B17C-DD2ACB695BF6}"
EndProject
Project("{FAE04EC0-301F-11D3-BF4B-00C04F79EFBC}") = "LINQTut03.Ex04", "LINQTut03.Ex04\LINQTut03.Ex04.csproj", "{68E199A0-5D2B-4694-9D17-570CCD349C60}"
EndProject
Global
	GlobalSection(SolutionConfigurationPlatforms) = preSolution
		Debug|Any CPU = Debug|Any CPU
		Release|Any CPU = Release|Any CPU
	EndGlobalSection
	GlobalSection(ProjectConfigurationPlatforms) = postSolution
		{496E856B-9272-4CE1-83A0-092E955BC90A}.Debug|Any CPU.ActiveCfg = Debug|Any CPU
		{496E856B-9272-4CE1-83A0-092E955BC90A}.Debug|Any CPU.Build.0 = Debug|Any CPU
		{496E856B-9272-4CE1-83A0-092E955BC90A}.Release|Any CPU.ActiveCfg = Release|Any CPU
		{496E856B-9272-4CE1-83A0-092E955BC90A}.Release|Any CPU.Build.0 = Release|Any CPU
		{1DFCBCE3-B139-4C90-ABE5-5EC35C7BFDA6}.Debug|Any CPU.ActiveCfg = Debug|Any CPU
		{1DFCBCE3-B139-4C90-ABE5-5EC35C7BFDA6}.Debug|Any CPU.Build.0 = Debug|Any CPU
		{1DFCBCE3-B139-4C90-ABE5-5EC35C7BFDA6}.Release|Any CPU.ActiveCfg = Release|Any CPU
		{1DFCBCE3-B139-4C90-ABE5-5EC35C7BFDA6}.Release|Any CPU.Build.0 = Release|Any CPU
		{81C783C2-AB8A-4A0D-AD02-F17319F267A3}.Debug|Any CPU.ActiveCfg = Debug|Any CPU
		{81C783C2-AB8A-4A0D-AD02-F17319F267A3}.Debug|Any CPU.Build.0 = Debug|Any CPU
		{81C783C2-AB8A-4A0D-AD02-F17319F267A3}.Release|Any CPU.ActiveCfg = Release|Any CPU
		{81C783C2-AB8A-4A0D-AD02-F17319F267A3}.Release|Any CPU.Build.0 = Release|Any CPU
		{1A2D9798-0BA9-438D-B17C-DD2ACB695BF6}.Debug|Any CPU.ActiveCfg = Debug|Any CPU
		{1A2D9798-0BA9-438D-B17C-DD2ACB695BF6}.Debug|Any CPU.Build.0 = Debug|Any CPU
		{1A2D9798-0BA9-438D-B17C-DD2ACB695BF6}.Release|Any CPU.ActiveCfg = Release|Any CPU
		{1A2D9798-0BA9-438D-B17C-DD2ACB695BF6}.Release|Any CPU.Build.0 = Release|Any CPU
		{68E199A0-5D2B-4694-9D17-570CCD349C60}.Debug|Any CPU.ActiveCfg = Debug|Any CPU
		{68E199A0-5D2B-4694-9D17-570CCD349C60}.Debug|Any CPU.Build.0 = Debug|Any CPU
		{68E199A0-5D2B-4694-9D17-570CCD349C60}.Release|Any CPU.ActiveCfg = Release|Any CPU
		{68E199A0-5D2B-4694-9D17-570CCD349C60}.Release|Any CPU.Build.0 = Release|Any CPU
	EndGlobalSection
	GlobalSection(SolutionProperties) = preSolution
		HideSolutionNode = FALSE
	EndGlobalSection
	GlobalSection(ExtensibilityGlobals) = postSolution
		SolutionGuid = {766CDA3B-638B-4C69-8572-6AC6AF376BDD}
	EndGlobalSection
EndGlobal
